
Microsoft Visual Studio Solution File, Format Version 12.00
# Visual Studio for Mac
Project("{FAE04EC0-301F-11D3-BF4B-00C04F79EFBC}") = "palAVR.Plugins", "palAVR.Plugins.csproj", "{CD1F8317-CA3C-9A12-7E49-EC6C5965FDBE}"
EndProject
Project("{FAE04EC0-301F-11D3-BF4B-00C04F79EFBC}") = "palAVR", "palAVR.csproj", "{90FCAA28-8564-64B0-4173-4B3D09B27463}"
EndProject
Project("{FAE04EC0-301F-11D3-BF4B-00C04F79EFBC}") = "palAVR.Editor.Plugins", "palAVR.Editor.Plugins.csproj", "{BA3B3788-25FC-7CCB-83C3-1F9F7B4B98C7}"
EndProject
Project("{FAE04EC0-301F-11D3-BF4B-00C04F79EFBC}") = "palAVR.Editor", "palAVR.Editor.csproj", "{665A8030-85D7-B121-7D83-C525E234BD8B}"
EndProject
Global
	GlobalSection(SolutionConfigurationPlatforms) = preSolution
		Debug|Any CPU = Debug|Any CPU
		Release|Any CPU = Release|Any CPU
	EndGlobalSection
	GlobalSection(ProjectConfigurationPlatforms) = postSolution
		{CD1F8317-CA3C-9A12-7E49-EC6C5965FDBE}.Debug|Any CPU.ActiveCfg = Debug|Any CPU
		{CD1F8317-CA3C-9A12-7E49-EC6C5965FDBE}.Debug|Any CPU.Build.0 = Debug|Any CPU
		{CD1F8317-CA3C-9A12-7E49-EC6C5965FDBE}.Release|Any CPU.ActiveCfg = Release|Any CPU
		{CD1F8317-CA3C-9A12-7E49-EC6C5965FDBE}.Release|Any CPU.Build.0 = Release|Any CPU
		{90FCAA28-8564-64B0-4173-4B3D09B27463}.Debug|Any CPU.ActiveCfg = Debug|Any CPU
		{90FCAA28-8564-64B0-4173-4B3D09B27463}.Debug|Any CPU.Build.0 = Debug|Any CPU
		{90FCAA28-8564-64B0-4173-4B3D09B27463}.Release|Any CPU.ActiveCfg = Release|Any CPU
		{90FCAA28-8564-64B0-4173-4B3D09B27463}.Release|Any CPU.Build.0 = Release|Any CPU
		{BA3B3788-25FC-7CCB-83C3-1F9F7B4B98C7}.Debug|Any CPU.ActiveCfg = Debug|Any CPU
		{BA3B3788-25FC-7CCB-83C3-1F9F7B4B98C7}.Debug|Any CPU.Build.0 = Debug|Any CPU
		{BA3B3788-25FC-7CCB-83C3-1F9F7B4B98C7}.Release|Any CPU.ActiveCfg = Release|Any CPU
		{BA3B3788-25FC-7CCB-83C3-1F9F7B4B98C7}.Release|Any CPU.Build.0 = Release|Any CPU
		{665A8030-85D7-B121-7D83-C525E234BD8B}.Debug|Any CPU.ActiveCfg = Debug|Any CPU
		{665A8030-85D7-B121-7D83-C525E234BD8B}.Debug|Any CPU.Build.0 = Debug|Any CPU
		{665A8030-85D7-B121-7D83-C525E234BD8B}.Release|Any CPU.ActiveCfg = Release|Any CPU
		{665A8030-85D7-B121-7D83-C525E234BD8B}.Release|Any CPU.Build.0 = Release|Any CPU
	EndGlobalSection
	GlobalSection(SolutionProperties) = preSolution
		HideSolutionNode = FALSE
	EndGlobalSection
EndGlobal
